// !$*UTF8*$!
{
	archiveVersion = 1;
	classes = {
	};
	objectVersion = 50;
	objects = {

/* Begin PBXBuildFile section */
		ED6813AF2521CA290055CBA7 /* FitnessLoggerApp.swift in Sources */ = {isa = PBXBuildFile; fileRef = ED6813AE2521CA290055CBA7 /* FitnessLoggerApp.swift */; };
		ED6813B12521CA290055CBA7 /* MainView.swift in Sources */ = {isa = PBXBuildFile; fileRef = ED6813B02521CA290055CBA7 /* MainView.swift */; };
		ED6813B32521CA2A0055CBA7 /* Assets.xcassets in Resources */ = {isa = PBXBuildFile; fileRef = ED6813B22521CA2A0055CBA7 /* Assets.xcassets */; };
		ED6813B62521CA2A0055CBA7 /* Preview Assets.xcassets in Resources */ = {isa = PBXBuildFile; fileRef = ED6813B52521CA2A0055CBA7 /* Preview Assets.xcassets */; };
		ED6813C12521CA2A0055CBA7 /* FitnessLoggerTests.swift in Sources */ = {isa = PBXBuildFile; fileRef = ED6813C02521CA2A0055CBA7 /* FitnessLoggerTests.swift */; };
		ED6813CC2521CA2A0055CBA7 /* FitnessLoggerUITests.swift in Sources */ = {isa = PBXBuildFile; fileRef = ED6813CB2521CA2A0055CBA7 /* FitnessLoggerUITests.swift */; };
		ED6813E62521D6E60055CBA7 /* TrainingProgramView.swift in Sources */ = {isa = PBXBuildFile; fileRef = ED6813E52521D6E60055CBA7 /* TrainingProgramView.swift */; };
		ED6813EB2521DEBE0055CBA7 /* MainViewViewModel.swift in Sources */ = {isa = PBXBuildFile; fileRef = ED6813EA2521DEBE0055CBA7 /* MainViewViewModel.swift */; };
/* End PBXBuildFile section */

/* Begin PBXContainerItemProxy section */
		ED6813BD2521CA2A0055CBA7 /* PBXContainerItemProxy */ = {
			isa = PBXContainerItemProxy;
			containerPortal = ED6813A32521CA290055CBA7 /* Project object */;
			proxyType = 1;
			remoteGlobalIDString = ED6813AA2521CA290055CBA7;
			remoteInfo = FitnessLogger;
		};
		ED6813C82521CA2A0055CBA7 /* PBXContainerItemProxy */ = {
			isa = PBXContainerItemProxy;
			containerPortal = ED6813A32521CA290055CBA7 /* Project object */;
			proxyType = 1;
			remoteGlobalIDString = ED6813AA2521CA290055CBA7;
			remoteInfo = FitnessLogger;
		};
/* End PBXContainerItemProxy section */

/* Begin PBXFileReference section */
		ED6813AB2521CA290055CBA7 /* FitnessLogger.app */ = {isa = PBXFileReference; explicitFileType = wrapper.application; includeInIndex = 0; path = FitnessLogger.app; sourceTree = BUILT_PRODUCTS_DIR; };
		ED6813AE2521CA290055CBA7 /* FitnessLoggerApp.swift */ = {isa = PBXFileReference; lastKnownFileType = sourcecode.swift; path = FitnessLoggerApp.swift; sourceTree = "<group>"; };
		ED6813B02521CA290055CBA7 /* MainView.swift */ = {isa = PBXFileReference; lastKnownFileType = sourcecode.swift; path = MainView.swift; sourceTree = "<group>"; };
		ED6813B22521CA2A0055CBA7 /* Assets.xcassets */ = {isa = PBXFileReference; lastKnownFileType = folder.assetcatalog; path = Assets.xcassets; sourceTree = "<group>"; };
		ED6813B52521CA2A0055CBA7 /* Preview Assets.xcassets */ = {isa = PBXFileReference; lastKnownFileType = folder.assetcatalog; path = "Preview Assets.xcassets"; sourceTree = "<group>"; };
		ED6813B72521CA2A0055CBA7 /* Info.plist */ = {isa = PBXFileReference; lastKnownFileType = text.plist.xml; path = Info.plist; sourceTree = "<group>"; };
		ED6813BC2521CA2A0055CBA7 /* FitnessLoggerTests.xctest */ = {isa = PBXFileReference; explicitFileType = wrapper.cfbundle; includeInIndex = 0; path = FitnessLoggerTests.xctest; sourceTree = BUILT_PRODUCTS_DIR; };
		ED6813C02521CA2A0055CBA7 /* FitnessLoggerTests.swift */ = {isa = PBXFileReference; lastKnownFileType = sourcecode.swift; path = FitnessLoggerTests.swift; sourceTree = "<group>"; };
		ED6813C22521CA2A0055CBA7 /* Info.plist */ = {isa = PBXFileReference; lastKnownFileType = text.plist.xml; path = Info.plist; sourceTree = "<group>"; };
		ED6813C72521CA2A0055CBA7 /* FitnessLoggerUITests.xctest */ = {isa = PBXFileReference; explicitFileType = wrapper.cfbundle; includeInIndex = 0; path = FitnessLoggerUITests.xctest; sourceTree = BUILT_PRODUCTS_DIR; };
		ED6813CB2521CA2A0055CBA7 /* FitnessLoggerUITests.swift */ = {isa = PBXFileReference; lastKnownFileType = sourcecode.swift; path = FitnessLoggerUITests.swift; sourceTree = "<group>"; };
		ED6813CD2521CA2A0055CBA7 /* Info.plist */ = {isa = PBXFileReference; lastKnownFileType = text.plist.xml; path = Info.plist; sourceTree = "<group>"; };
		ED6813E52521D6E60055CBA7 /* TrainingProgramView.swift */ = {isa = PBXFileReference; lastKnownFileType = sourcecode.swift; path = TrainingProgramView.swift; sourceTree = "<group>"; };
		ED6813EA2521DEBE0055CBA7 /* MainViewViewModel.swift */ = {isa = PBXFileReference; lastKnownFileType = sourcecode.swift; path = MainViewViewModel.swift; sourceTree = "<group>"; };
/* End PBXFileReference section */

/* Begin PBXFrameworksBuildPhase section */
		ED6813A82521CA290055CBA7 /* Frameworks */ = {
			isa = PBXFrameworksBuildPhase;
			buildActionMask = 2147483647;
			files = (
			);
			runOnlyForDeploymentPostprocessing = 0;
		};
		ED6813B92521CA2A0055CBA7 /* Frameworks */ = {
			isa = PBXFrameworksBuildPhase;
			buildActionMask = 2147483647;
			files = (
			);
			runOnlyForDeploymentPostprocessing = 0;
		};
		ED6813C42521CA2A0055CBA7 /* Frameworks */ = {
			isa = PBXFrameworksBuildPhase;
			buildActionMask = 2147483647;
			files = (
			);
			runOnlyForDeploymentPostprocessing = 0;
		};
/* End PBXFrameworksBuildPhase section */

/* Begin PBXGroup section */
		ED6813A22521CA290055CBA7 = {
			isa = PBXGroup;
			children = (
				ED6813AD2521CA290055CBA7 /* FitnessLogger */,
				ED6813BF2521CA2A0055CBA7 /* FitnessLoggerTests */,
				ED6813CA2521CA2A0055CBA7 /* FitnessLoggerUITests */,
				ED6813AC2521CA290055CBA7 /* Products */,
			);
			sourceTree = "<group>";
		};
		ED6813AC2521CA290055CBA7 /* Products */ = {
			isa = PBXGroup;
			children = (
				ED6813AB2521CA290055CBA7 /* FitnessLogger.app */,
				ED6813BC2521CA2A0055CBA7 /* FitnessLoggerTests.xctest */,
				ED6813C72521CA2A0055CBA7 /* FitnessLoggerUITests.xctest */,
			);
			name = Products;
			sourceTree = "<group>";
		};
		ED6813AD2521CA290055CBA7 /* FitnessLogger */ = {
			isa = PBXGroup;
			children = (
				ED6813DE2521D6760055CBA7 /* Services */,
				ED6813DD2521D66F0055CBA7 /* ViewModels */,
				ED6813DC2521D6680055CBA7 /* Views */,
				ED6813AE2521CA290055CBA7 /* FitnessLoggerApp.swift */,
				ED6813B22521CA2A0055CBA7 /* Assets.xcassets */,
				ED6813B72521CA2A0055CBA7 /* Info.plist */,
				ED6813B42521CA2A0055CBA7 /* Preview Content */,
			);
			path = FitnessLogger;
			sourceTree = "<group>";
		};
		ED6813B42521CA2A0055CBA7 /* Preview Content */ = {
			isa = PBXGroup;
			children = (
				ED6813B52521CA2A0055CBA7 /* Preview Assets.xcassets */,
			);
			path = "Preview Content";
			sourceTree = "<group>";
		};
		ED6813BF2521CA2A0055CBA7 /* FitnessLoggerTests */ = {
			isa = PBXGroup;
			children = (
				ED6813C02521CA2A0055CBA7 /* FitnessLoggerTests.swift */,
				ED6813C22521CA2A0055CBA7 /* Info.plist */,
			);
			path = FitnessLoggerTests;
			sourceTree = "<group>";
		};
		ED6813CA2521CA2A0055CBA7 /* FitnessLoggerUITests */ = {
			isa = PBXGroup;
			children = (
				ED6813CB2521CA2A0055CBA7 /* FitnessLoggerUITests.swift */,
				ED6813CD2521CA2A0055CBA7 /* Info.plist */,
			);
			path = FitnessLoggerUITests;
			sourceTree = "<group>";
		};
		ED6813DC2521D6680055CBA7 /* Views */ = {
			isa = PBXGroup;
			children = (
				ED6813B02521CA290055CBA7 /* MainView.swift */,
				ED6813E52521D6E60055CBA7 /* TrainingProgramView.swift */,
			);
			path = Views;
			sourceTree = "<group>";
		};
		ED6813DD2521D66F0055CBA7 /* ViewModels */ = {
			isa = PBXGroup;
			children = (
				ED6813EA2521DEBE0055CBA7 /* MainViewViewModel.swift */,
			);
			path = ViewModels;
			sourceTree = "<group>";
		};
		ED6813DE2521D6760055CBA7 /* Services */ = {
			isa = PBXGroup;
			children = (
			);
			path = Services;
			sourceTree = "<group>";
		};
/* End PBXGroup section */

/* Begin PBXNativeTarget section */
		ED6813AA2521CA290055CBA7 /* FitnessLogger */ = {
			isa = PBXNativeTarget;
			buildConfigurationList = ED6813D02521CA2A0055CBA7 /* Build configuration list for PBXNativeTarget "FitnessLogger" */;
			buildPhases = (
				ED6813A72521CA290055CBA7 /* Sources */,
				ED6813A82521CA290055CBA7 /* Frameworks */,
				ED6813A92521CA290055CBA7 /* Resources */,
			);
			buildRules = (
			);
			dependencies = (
			);
			name = FitnessLogger;
			productName = FitnessLogger;
			productReference = ED6813AB2521CA290055CBA7 /* FitnessLogger.app */;
			productType = "com.apple.product-type.application";
		};
		ED6813BB2521CA2A0055CBA7 /* FitnessLoggerTests */ = {
			isa = PBXNativeTarget;
			buildConfigurationList = ED6813D32521CA2A0055CBA7 /* Build configuration list for PBXNativeTarget "FitnessLoggerTests" */;
			buildPhases = (
				ED6813B82521CA2A0055CBA7 /* Sources */,
				ED6813B92521CA2A0055CBA7 /* Frameworks */,
				ED6813BA2521CA2A0055CBA7 /* Resources */,
			);
			buildRules = (
			);
			dependencies = (
				ED6813BE2521CA2A0055CBA7 /* PBXTargetDependency */,
			);
			name = FitnessLoggerTests;
			productName = FitnessLoggerTests;
			productReference = ED6813BC2521CA2A0055CBA7 /* FitnessLoggerTests.xctest */;
			productType = "com.apple.product-type.bundle.unit-test";
		};
		ED6813C62521CA2A0055CBA7 /* FitnessLoggerUITests */ = {
			isa = PBXNativeTarget;
			buildConfigurationList = ED6813D62521CA2A0055CBA7 /* Build configuration list for PBXNativeTarget "FitnessLoggerUITests" */;
			buildPhases = (
				ED6813C32521CA2A0055CBA7 /* Sources */,
				ED6813C42521CA2A0055CBA7 /* Frameworks */,
				ED6813C52521CA2A0055CBA7 /* Resources */,
			);
			buildRules = (
			);
			dependencies = (
				ED6813C92521CA2A0055CBA7 /* PBXTargetDependency */,
			);
			name = FitnessLoggerUITests;
			productName = FitnessLoggerUITests;
			productReference = ED6813C72521CA2A0055CBA7 /* FitnessLoggerUITests.xctest */;
			productType = "com.apple.product-type.bundle.ui-testing";
		};
/* End PBXNativeTarget section */

/* Begin PBXProject section */
		ED6813A32521CA290055CBA7 /* Project object */ = {
			isa = PBXProject;
			attributes = {
				LastSwiftUpdateCheck = 1200;
				LastUpgradeCheck = 1200;
				TargetAttributes = {
					ED6813AA2521CA290055CBA7 = {
						CreatedOnToolsVersion = 12.0.1;
					};
					ED6813BB2521CA2A0055CBA7 = {
						CreatedOnToolsVersion = 12.0.1;
						TestTargetID = ED6813AA2521CA290055CBA7;
					};
					ED6813C62521CA2A0055CBA7 = {
						CreatedOnToolsVersion = 12.0.1;
						TestTargetID = ED6813AA2521CA290055CBA7;
					};
				};
			};
			buildConfigurationList = ED6813A62521CA290055CBA7 /* Build configuration list for PBXProject "FitnessLogger" */;
			compatibilityVersion = "Xcode 9.3";
			developmentRegion = en;
			hasScannedForEncodings = 0;
			knownRegions = (
				en,
				Base,
			);
			mainGroup = ED6813A22521CA290055CBA7;
			productRefGroup = ED6813AC2521CA290055CBA7 /* Products */;
			projectDirPath = "";
			projectRoot = "";
			targets = (
				ED6813AA2521CA290055CBA7 /* FitnessLogger */,
				ED6813BB2521CA2A0055CBA7 /* FitnessLoggerTests */,
				ED6813C62521CA2A0055CBA7 /* FitnessLoggerUITests */,
			);
		};
/* End PBXProject section */

/* Begin PBXResourcesBuildPhase section */
		ED6813A92521CA290055CBA7 /* Resources */ = {
			isa = PBXResourcesBuildPhase;
			buildActionMask = 2147483647;
			files = (
				ED6813B62521CA2A0055CBA7 /* Preview Assets.xcassets in Resources */,
				ED6813B32521CA2A0055CBA7 /* Assets.xcassets in Resources */,
			);
			runOnlyForDeploymentPostprocessing = 0;
		};
		ED6813BA2521CA2A0055CBA7 /* Resources */ = {
			isa = PBXResourcesBuildPhase;
			buildActionMask = 2147483647;
			files = (
			);
			runOnlyForDeploymentPostprocessing = 0;
		};
		ED6813C52521CA2A0055CBA7 /* Resources */ = {
			isa = PBXResourcesBuildPhase;
			buildActionMask = 2147483647;
			files = (
			);
			runOnlyForDeploymentPostprocessing = 0;
		};
/* End PBXResourcesBuildPhase section */

/* Begin PBXSourcesBuildPhase section */
		ED6813A72521CA290055CBA7 /* Sources */ = {
			isa = PBXSourcesBuildPhase;
			buildActionMask = 2147483647;
			files = (
				ED6813E62521D6E60055CBA7 /* TrainingProgramView.swift in Sources */,
				ED6813B12521CA290055CBA7 /* MainView.swift in Sources */,
				ED6813EB2521DEBE0055CBA7 /* MainViewViewModel.swift in Sources */,
				ED6813AF2521CA290055CBA7 /* FitnessLoggerApp.swift in Sources */,
			);
			runOnlyForDeploymentPostprocessing = 0;
		};
		ED6813B82521CA2A0055CBA7 /* Sources */ = {
			isa = PBXSourcesBuildPhase;
			buildActionMask = 2147483647;
			files = (
				ED6813C12521CA2A0055CBA7 /* FitnessLoggerTests.swift in Sources */,
			);
			runOnlyForDeploymentPostprocessing = 0;
		};
		ED6813C32521CA2A0055CBA7 /* Sources */ = {
			isa = PBXSourcesBuildPhase;
			buildActionMask = 2147483647;
			files = (
				ED6813CC2521CA2A0055CBA7 /* FitnessLoggerUITests.swift in Sources */,
			);
			runOnlyForDeploymentPostprocessing = 0;
		};
/* End PBXSourcesBuildPhase section */

/* Begin PBXTargetDependency section */
		ED6813BE2521CA2A0055CBA7 /* PBXTargetDependency */ = {
			isa = PBXTargetDependency;
			target = ED6813AA2521CA290055CBA7 /* FitnessLogger */;
			targetProxy = ED6813BD2521CA2A0055CBA7 /* PBXContainerItemProxy */;
		};
		ED6813C92521CA2A0055CBA7 /* PBXTargetDependency */ = {
			isa = PBXTargetDependency;
			target = ED6813AA2521CA290055CBA7 /* FitnessLogger */;
			targetProxy = ED6813C82521CA2A0055CBA7 /* PBXContainerItemProxy */;
		};
/* End PBXTargetDependency section */

/* Begin XCBuildConfiguration section */
		ED6813CE2521CA2A0055CBA7 /* Debug */ = {
			isa = XCBuildConfiguration;
			buildSettings = {
				ALWAYS_SEARCH_USER_PATHS = NO;
				CLANG_ANALYZER_NONNULL = YES;
				CLANG_ANALYZER_NUMBER_OBJECT_CONVERSION = YES_AGGRESSIVE;
				CLANG_CXX_LANGUAGE_STANDARD = "gnu++14";
				CLANG_CXX_LIBRARY = "libc++";
				CLANG_ENABLE_MODULES = YES;
				CLANG_ENABLE_OBJC_ARC = YES;
				CLANG_ENABLE_OBJC_WEAK = YES;
				CLANG_WARN_BLOCK_CAPTURE_AUTORELEASING = YES;
				CLANG_WARN_BOOL_CONVERSION = YES;
				CLANG_WARN_COMMA = YES;
				CLANG_WARN_CONSTANT_CONVERSION = YES;
				CLANG_WARN_DEPRECATED_OBJC_IMPLEMENTATIONS = YES;
				CLANG_WARN_DIRECT_OBJC_ISA_USAGE = YES_ERROR;
				CLANG_WARN_DOCUMENTATION_COMMENTS = YES;
				CLANG_WARN_EMPTY_BODY = YES;
				CLANG_WARN_ENUM_CONVERSION = YES;
				CLANG_WARN_INFINITE_RECURSION = YES;
				CLANG_WARN_INT_CONVERSION = YES;
				CLANG_WARN_NON_LITERAL_NULL_CONVERSION = YES;
				CLANG_WARN_OBJC_IMPLICIT_RETAIN_SELF = YES;
				CLANG_WARN_OBJC_LITERAL_CONVERSION = YES;
				CLANG_WARN_OBJC_ROOT_CLASS = YES_ERROR;
				CLANG_WARN_QUOTED_INCLUDE_IN_FRAMEWORK_HEADER = YES;
				CLANG_WARN_RANGE_LOOP_ANALYSIS = YES;
				CLANG_WARN_STRICT_PROTOTYPES = YES;
				CLANG_WARN_SUSPICIOUS_MOVE = YES;
				CLANG_WARN_UNGUARDED_AVAILABILITY = YES_AGGRESSIVE;
				CLANG_WARN_UNREACHABLE_CODE = YES;
				CLANG_WARN__DUPLICATE_METHOD_MATCH = YES;
				COPY_PHASE_STRIP = NO;
				DEBUG_INFORMATION_FORMAT = dwarf;
				ENABLE_STRICT_OBJC_MSGSEND = YES;
				ENABLE_TESTABILITY = YES;
				GCC_C_LANGUAGE_STANDARD = gnu11;
				GCC_DYNAMIC_NO_PIC = NO;
				GCC_NO_COMMON_BLOCKS = YES;
				GCC_OPTIMIZATION_LEVEL = 0;
				GCC_PREPROCESSOR_DEFINITIONS = (
					"DEBUG=1",
					"$(inherited)",
				);
				GCC_WARN_64_TO_32_BIT_CONVERSION = YES;
				GCC_WARN_ABOUT_RETURN_TYPE = YES_ERROR;
				GCC_WARN_UNDECLARED_SELECTOR = YES;
				GCC_WARN_UNINITIALIZED_AUTOS = YES_AGGRESSIVE;
				GCC_WARN_UNUSED_FUNCTION = YES;
				GCC_WARN_UNUSED_VARIABLE = YES;
				IPHONEOS_DEPLOYMENT_TARGET = 14.0;
				MTL_ENABLE_DEBUG_INFO = INCLUDE_SOURCE;
				MTL_FAST_MATH = YES;
				ONLY_ACTIVE_ARCH = YES;
				SDKROOT = iphoneos;
				SWIFT_ACTIVE_COMPILATION_CONDITIONS = DEBUG;
				SWIFT_OPTIMIZATION_LEVEL = "-Onone";
			};
			name = Debug;
		};
		ED6813CF2521CA2A0055CBA7 /* Release */ = {
			isa = XCBuildConfiguration;
			buildSettings = {
				ALWAYS_SEARCH_USER_PATHS = NO;
				CLANG_ANALYZER_NONNULL = YES;
				CLANG_ANALYZER_NUMBER_OBJECT_CONVERSION = YES_AGGRESSIVE;
				CLANG_CXX_LANGUAGE_STANDARD = "gnu++14";
				CLANG_CXX_LIBRARY = "libc++";
				CLANG_ENABLE_MODULES = YES;
				CLANG_ENABLE_OBJC_ARC = YES;
				CLANG_ENABLE_OBJC_WEAK = YES;
				CLANG_WARN_BLOCK_CAPTURE_AUTORELEASING = YES;
				CLANG_WARN_BOOL_CONVERSION = YES;
				CLANG_WARN_COMMA = YES;
				CLANG_WARN_CONSTANT_CONVERSION = YES;
				CLANG_WARN_DEPRECATED_OBJC_IMPLEMENTATIONS = YES;
				CLANG_WARN_DIRECT_OBJC_ISA_USAGE = YES_ERROR;
				CLANG_WARN_DOCUMENTATION_COMMENTS = YES;
				CLANG_WARN_EMPTY_BODY = YES;
				CLANG_WARN_ENUM_CONVERSION = YES;
				CLANG_WARN_INFINITE_RECURSION = YES;
				CLANG_WARN_INT_CONVERSION = YES;
				CLANG_WARN_NON_LITERAL_NULL_CONVERSION = YES;
				CLANG_WARN_OBJC_IMPLICIT_RETAIN_SELF = YES;
				CLANG_WARN_OBJC_LITERAL_CONVERSION = YES;
				CLANG_WARN_OBJC_ROOT_CLASS = YES_ERROR;
				CLANG_WARN_QUOTED_INCLUDE_IN_FRAMEWORK_HEADER = YES;
				CLANG_WARN_RANGE_LOOP_ANALYSIS = YES;
				CLANG_WARN_STRICT_PROTOTYPES = YES;
				CLANG_WARN_SUSPICIOUS_MOVE = YES;
				CLANG_WARN_UNGUARDED_AVAILABILITY = YES_AGGRESSIVE;
				CLANG_WARN_UNREACHABLE_CODE = YES;
				CLANG_WARN__DUPLICATE_METHOD_MATCH = YES;
				COPY_PHASE_STRIP = NO;
				DEBUG_INFORMATION_FORMAT = "dwarf-with-dsym";
				ENABLE_NS_ASSERTIONS = NO;
				ENABLE_STRICT_OBJC_MSGSEND = YES;
				GCC_C_LANGUAGE_STANDARD = gnu11;
				GCC_NO_COMMON_BLOCKS = YES;
				GCC_WARN_64_TO_32_BIT_CONVERSION = YES;
				GCC_WARN_ABOUT_RETURN_TYPE = YES_ERROR;
				GCC_WARN_UNDECLARED_SELECTOR = YES;
				GCC_WARN_UNINITIALIZED_AUTOS = YES_AGGRESSIVE;
				GCC_WARN_UNUSED_FUNCTION = YES;
				GCC_WARN_UNUSED_VARIABLE = YES;
				IPHONEOS_DEPLOYMENT_TARGET = 14.0;
				MTL_ENABLE_DEBUG_INFO = NO;
				MTL_FAST_MATH = YES;
				SDKROOT = iphoneos;
				SWIFT_COMPILATION_MODE = wholemodule;
				SWIFT_OPTIMIZATION_LEVEL = "-O";
				VALIDATE_PRODUCT = YES;
			};
			name = Release;
		};
		ED6813D12521CA2A0055CBA7 /* Debug */ = {
			isa = XCBuildConfiguration;
			buildSettings = {
				ASSETCATALOG_COMPILER_APPICON_NAME = AppIcon;
				ASSETCATALOG_COMPILER_GLOBAL_ACCENT_COLOR_NAME = AccentColor;
				CODE_SIGN_STYLE = Automatic;
				DEVELOPMENT_ASSET_PATHS = "\"FitnessLogger/Preview Content\"";
				ENABLE_PREVIEWS = YES;
				INFOPLIST_FILE = FitnessLogger/Info.plist;
				IPHONEOS_DEPLOYMENT_TARGET = 14.0;
				LD_RUNPATH_SEARCH_PATHS = (
					"$(inherited)",
					"@executable_path/Frameworks",
				);
				PRODUCT_BUNDLE_IDENTIFIER = com.fitnesslogger.FitnessLogger;
				PRODUCT_NAME = "$(TARGET_NAME)";
				SWIFT_VERSION = 5.0;
				TARGETED_DEVICE_FAMILY = "1,2";
			};
			name = Debug;
		};
		ED6813D22521CA2A0055CBA7 /* Release */ = {
			isa = XCBuildConfiguration;
			buildSettings = {
				ASSETCATALOG_COMPILER_APPICON_NAME = AppIcon;
				ASSETCATALOG_COMPILER_GLOBAL_ACCENT_COLOR_NAME = AccentColor;
				CODE_SIGN_STYLE = Automatic;
				DEVELOPMENT_ASSET_PATHS = "\"FitnessLogger/Preview Content\"";
				ENABLE_PREVIEWS = YES;
				INFOPLIST_FILE = FitnessLogger/Info.plist;
				IPHONEOS_DEPLOYMENT_TARGET = 14.0;
				LD_RUNPATH_SEARCH_PATHS = (
					"$(inherited)",
					"@executable_path/Frameworks",
				);
				PRODUCT_BUNDLE_IDENTIFIER = com.fitnesslogger.FitnessLogger;
				PRODUCT_NAME = "$(TARGET_NAME)";
				SWIFT_VERSION = 5.0;
				TARGETED_DEVICE_FAMILY = "1,2";
			};
			name = Release;
		};
		ED6813D42521CA2A0055CBA7 /* Debug */ = {
			isa = XCBuildConfiguration;
			buildSettings = {
				ALWAYS_EMBED_SWIFT_STANDARD_LIBRARIES = YES;
				BUNDLE_LOADER = "$(TEST_HOST)";
				CODE_SIGN_STYLE = Automatic;
				INFOPLIST_FILE = FitnessLoggerTests/Info.plist;
				IPHONEOS_DEPLOYMENT_TARGET = 14.0;
				LD_RUNPATH_SEARCH_PATHS = (
					"$(inherited)",
					"@executable_path/Frameworks",
					"@loader_path/Frameworks",
				);
				PRODUCT_BUNDLE_IDENTIFIER = com.fitnesslogger.FitnessLoggerTests;
				PRODUCT_NAME = "$(TARGET_NAME)";
				SWIFT_VERSION = 5.0;
				TARGETED_DEVICE_FAMILY = "1,2";
				TEST_HOST = "$(BUILT_PRODUCTS_DIR)/FitnessLogger.app/FitnessLogger";
			};
			name = Debug;
		};
		ED6813D52521CA2A0055CBA7 /* Release */ = {
			isa = XCBuildConfiguration;
			buildSettings = {
				ALWAYS_EMBED_SWIFT_STANDARD_LIBRARIES = YES;
				BUNDLE_LOADER = "$(TEST_HOST)";
				CODE_SIGN_STYLE = Automatic;
				INFOPLIST_FILE = FitnessLoggerTests/Info.plist;
				IPHONEOS_DEPLOYMENT_TARGET = 14.0;
				LD_RUNPATH_SEARCH_PATHS = (
					"$(inherited)",
					"@executable_path/Frameworks",
					"@loader_path/Frameworks",
				);
				PRODUCT_BUNDLE_IDENTIFIER = com.fitnesslogger.FitnessLoggerTests;
				PRODUCT_NAME = "$(TARGET_NAME)";
				SWIFT_VERSION = 5.0;
				TARGETED_DEVICE_FAMILY = "1,2";
				TEST_HOST = "$(BUILT_PRODUCTS_DIR)/FitnessLogger.app/FitnessLogger";
			};
			name = Release;
		};
		ED6813D72521CA2A0055CBA7 /* Debug */ = {
			isa = XCBuildConfiguration;
			buildSettings = {
				ALWAYS_EMBED_SWIFT_STANDARD_LIBRARIES = YES;
				CODE_SIGN_STYLE = Automatic;
				INFOPLIST_FILE = FitnessLoggerUITests/Info.plist;
				LD_RUNPATH_SEARCH_PATHS = (
					"$(inherited)",
					"@executable_path/Frameworks",
					"@loader_path/Frameworks",
				);
				PRODUCT_BUNDLE_IDENTIFIER = com.fitnesslogger.FitnessLoggerUITests;
				PRODUCT_NAME = "$(TARGET_NAME)";
				SWIFT_VERSION = 5.0;
				TARGETED_DEVICE_FAMILY = "1,2";
				TEST_TARGET_NAME = FitnessLogger;
			};
			name = Debug;
		};
		ED6813D82521CA2A0055CBA7 /* Release */ = {
			isa = XCBuildConfiguration;
			buildSettings = {
				ALWAYS_EMBED_SWIFT_STANDARD_LIBRARIES = YES;
				CODE_SIGN_STYLE = Automatic;
				INFOPLIST_FILE = FitnessLoggerUITests/Info.plist;
				LD_RUNPATH_SEARCH_PATHS = (
					"$(inherited)",
					"@executable_path/Frameworks",
					"@loader_path/Frameworks",
				);
				PRODUCT_BUNDLE_IDENTIFIER = com.fitnesslogger.FitnessLoggerUITests;
				PRODUCT_NAME = "$(TARGET_NAME)";
				SWIFT_VERSION = 5.0;
				TARGETED_DEVICE_FAMILY = "1,2";
				TEST_TARGET_NAME = FitnessLogger;
			};
			name = Release;
		};
/* End XCBuildConfiguration section */

/* Begin XCConfigurationList section */
		ED6813A62521CA290055CBA7 /* Build configuration list for PBXProject "FitnessLogger" */ = {
			isa = XCConfigurationList;
			buildConfigurations = (
				ED6813CE2521CA2A0055CBA7 /* Debug */,
				ED6813CF2521CA2A0055CBA7 /* Release */,
			);
			defaultConfigurationIsVisible = 0;
			defaultConfigurationName = Release;
		};
		ED6813D02521CA2A0055CBA7 /* Build configuration list for PBXNativeTarget "FitnessLogger" */ = {
			isa = XCConfigurationList;
			buildConfigurations = (
				ED6813D12521CA2A0055CBA7 /* Debug */,
				ED6813D22521CA2A0055CBA7 /* Release */,
			);
			defaultConfigurationIsVisible = 0;
			defaultConfigurationName = Release;
		};
		ED6813D32521CA2A0055CBA7 /* Build configuration list for PBXNativeTarget "FitnessLoggerTests" */ = {
			isa = XCConfigurationList;
			buildConfigurations = (
				ED6813D42521CA2A0055CBA7 /* Debug */,
				ED6813D52521CA2A0055CBA7 /* Release */,
			);
			defaultConfigurationIsVisible = 0;
			defaultConfigurationName = Release;
		};
		ED6813D62521CA2A0055CBA7 /* Build configuration list for PBXNativeTarget "FitnessLoggerUITests" */ = {
			isa = XCConfigurationList;
			buildConfigurations = (
				ED6813D72521CA2A0055CBA7 /* Debug */,
				ED6813D82521CA2A0055CBA7 /* Release */,
			);
			defaultConfigurationIsVisible = 0;
			defaultConfigurationName = Release;
		};
/* End XCConfigurationList section */
	};
	rootObject = ED6813A32521CA290055CBA7 /* Project object */;
}
