// !$*UTF8*$!
{
	archiveVersion = 1;
	classes = {
	};
	objectVersion = 50;
	objects = {

/* Begin PBXBuildFile section */
		043DBF6925231611002F0394 /* AppDelegate.swift in Sources */ = {isa = PBXBuildFile; fileRef = 043DBF6825231611002F0394 /* AppDelegate.swift */; };
		043DBF6B25231611002F0394 /* SceneDelegate.swift in Sources */ = {isa = PBXBuildFile; fileRef = 043DBF6A25231611002F0394 /* SceneDelegate.swift */; };
		043DBF6F25231612002F0394 /* Assets.xcassets in Resources */ = {isa = PBXBuildFile; fileRef = 043DBF6E25231612002F0394 /* Assets.xcassets */; };
		043DBF7225231612002F0394 /* Preview Assets.xcassets in Resources */ = {isa = PBXBuildFile; fileRef = 043DBF7125231612002F0394 /* Preview Assets.xcassets */; };
		043DBF7525231612002F0394 /* LaunchScreen.storyboard in Resources */ = {isa = PBXBuildFile; fileRef = 043DBF7325231612002F0394 /* LaunchScreen.storyboard */; };
		043DBF8025231612002F0394 /* FitnessLoggerTests.swift in Sources */ = {isa = PBXBuildFile; fileRef = 043DBF7F25231612002F0394 /* FitnessLoggerTests.swift */; };
		043DBF8B25231612002F0394 /* FitnessLoggerUITests.swift in Sources */ = {isa = PBXBuildFile; fileRef = 043DBF8A25231612002F0394 /* FitnessLoggerUITests.swift */; };
		045905F4252318A10064209C /* CustomButton.swift in Sources */ = {isa = PBXBuildFile; fileRef = 045905F3252318A10064209C /* CustomButton.swift */; };
		045905F6252318FE0064209C /* Colors.swift in Sources */ = {isa = PBXBuildFile; fileRef = 045905F5252318FE0064209C /* Colors.swift */; };
		0459060125231FDB0064209C /* Font.swift in Sources */ = {isa = PBXBuildFile; fileRef = 0459060025231FDB0064209C /* Font.swift */; };
		04590604252320BF0064209C /* CustomTextButton.swift in Sources */ = {isa = PBXBuildFile; fileRef = 04590603252320BF0064209C /* CustomTextButton.swift */; };
		04590606252323150064209C /* CustomTextLabel.swift in Sources */ = {isa = PBXBuildFile; fileRef = 04590605252323150064209C /* CustomTextLabel.swift */; };
		04590608252323E50064209C /* FontType.swift in Sources */ = {isa = PBXBuildFile; fileRef = 04590607252323E50064209C /* FontType.swift */; };
		0459060A252324580064209C /* FontSize.swift in Sources */ = {isa = PBXBuildFile; fileRef = 04590609252324580064209C /* FontSize.swift */; };
		ED4B712525233D0C00F8A297 /* TrainingCategory.swift in Sources */ = {isa = PBXBuildFile; fileRef = ED4B712425233D0C00F8A297 /* TrainingCategory.swift */; };
		ED4B713425233D4200F8A297 /* Exercise.swift in Sources */ = {isa = PBXBuildFile; fileRef = ED4B713225233D4200F8A297 /* Exercise.swift */; };
		ED4B713525233D4200F8A297 /* TrainingProgram.swift in Sources */ = {isa = PBXBuildFile; fileRef = ED4B713325233D4200F8A297 /* TrainingProgram.swift */; };
		ED4B713D25233DA200F8A297 /* AddExerciseViewModel.swift in Sources */ = {isa = PBXBuildFile; fileRef = ED4B713A25233DA200F8A297 /* AddExerciseViewModel.swift */; };
		ED4B713E25233DA200F8A297 /* TrainingProgramViewModel.swift in Sources */ = {isa = PBXBuildFile; fileRef = ED4B713B25233DA200F8A297 /* TrainingProgramViewModel.swift */; };
		ED4B713F25233DA200F8A297 /* AddTrainingProgramViewModel.swift in Sources */ = {isa = PBXBuildFile; fileRef = ED4B713C25233DA200F8A297 /* AddTrainingProgramViewModel.swift */; };
		ED4B714825233DF500F8A297 /* TrainingProgramView.swift in Sources */ = {isa = PBXBuildFile; fileRef = ED4B714425233DF400F8A297 /* TrainingProgramView.swift */; };
		ED4B714925233DF500F8A297 /* MainView.swift in Sources */ = {isa = PBXBuildFile; fileRef = ED4B714525233DF400F8A297 /* MainView.swift */; };
		ED4B714A25233DF500F8A297 /* AddExerciseView.swift in Sources */ = {isa = PBXBuildFile; fileRef = ED4B714625233DF500F8A297 /* AddExerciseView.swift */; };
		ED4B714B25233DF500F8A297 /* AddTrainingProgramView.swift in Sources */ = {isa = PBXBuildFile; fileRef = ED4B714725233DF500F8A297 /* AddTrainingProgramView.swift */; };
		ED4B715125233E1700F8A297 /* TrainingProgramItem.swift in Sources */ = {isa = PBXBuildFile; fileRef = ED4B715025233E1700F8A297 /* TrainingProgramItem.swift */; };
		EDC585A725233A0900B1B9D1 /* Oswald-Heavy.ttf in Resources */ = {isa = PBXBuildFile; fileRef = EDC585A525233A0900B1B9D1 /* Oswald-Heavy.ttf */; };
		EDC585A825233A0900B1B9D1 /* Oswald-Medium.ttf in Resources */ = {isa = PBXBuildFile; fileRef = EDC585A625233A0900B1B9D1 /* Oswald-Medium.ttf */; };
		EDDA75A2253854F90042D9CF /* UpdateExerciseLogViewModel.swift in Sources */ = {isa = PBXBuildFile; fileRef = EDDA75A1253854F90042D9CF /* UpdateExerciseLogViewModel.swift */; };
		EDDA75B425386BFE0042D9CF /* ProgramDetailViewModel.swift in Sources */ = {isa = PBXBuildFile; fileRef = EDDA75B325386BFE0042D9CF /* ProgramDetailViewModel.swift */; };
		EDFCE6142525F89B00FD9486 /* Oswald-Regular.ttf in Resources */ = {isa = PBXBuildFile; fileRef = EDFCE6122525F89B00FD9486 /* Oswald-Regular.ttf */; };
		EDFCE6152525F89B00FD9486 /* Oswald-ExtraLight.ttf in Resources */ = {isa = PBXBuildFile; fileRef = EDFCE6132525F89B00FD9486 /* Oswald-ExtraLight.ttf */; };
		EDFCE61D25260F5D00FD9486 /* ExerciseItem.swift in Sources */ = {isa = PBXBuildFile; fileRef = EDFCE61C25260F5D00FD9486 /* ExerciseItem.swift */; };
		EDFCE6222526174F00FD9486 /* ProgramDetailView.swift in Sources */ = {isa = PBXBuildFile; fileRef = EDFCE6212526174F00FD9486 /* ProgramDetailView.swift */; };
		EDFCE62725261A5400FD9486 /* ExerciseDetailItem.swift in Sources */ = {isa = PBXBuildFile; fileRef = EDFCE62625261A5400FD9486 /* ExerciseDetailItem.swift */; };
		EDFCE62C25261B0A00FD9486 /* Log.swift in Sources */ = {isa = PBXBuildFile; fileRef = EDFCE62B25261B0A00FD9486 /* Log.swift */; };
		EDFCE63225261C4D00FD9486 /* Date.swift in Sources */ = {isa = PBXBuildFile; fileRef = EDFCE63125261C4D00FD9486 /* Date.swift */; };
		EDFCE637252B0F7100FD9486 /* UpdateExerciseLogView.swift in Sources */ = {isa = PBXBuildFile; fileRef = EDFCE636252B0F7100FD9486 /* UpdateExerciseLogView.swift */; };
/* End PBXBuildFile section */

/* Begin PBXContainerItemProxy section */
		043DBF7C25231612002F0394 /* PBXContainerItemProxy */ = {
			isa = PBXContainerItemProxy;
			containerPortal = 043DBF5D25231611002F0394 /* Project object */;
			proxyType = 1;
			remoteGlobalIDString = 043DBF6425231611002F0394;
			remoteInfo = FitnessLogger;
		};
		043DBF8725231612002F0394 /* PBXContainerItemProxy */ = {
			isa = PBXContainerItemProxy;
			containerPortal = 043DBF5D25231611002F0394 /* Project object */;
			proxyType = 1;
			remoteGlobalIDString = 043DBF6425231611002F0394;
			remoteInfo = FitnessLogger;
		};
/* End PBXContainerItemProxy section */

/* Begin PBXFileReference section */
		043DBF6525231611002F0394 /* FitnessLogger.app */ = {isa = PBXFileReference; explicitFileType = wrapper.application; includeInIndex = 0; path = FitnessLogger.app; sourceTree = BUILT_PRODUCTS_DIR; };
		043DBF6825231611002F0394 /* AppDelegate.swift */ = {isa = PBXFileReference; lastKnownFileType = sourcecode.swift; path = AppDelegate.swift; sourceTree = "<group>"; };
		043DBF6A25231611002F0394 /* SceneDelegate.swift */ = {isa = PBXFileReference; lastKnownFileType = sourcecode.swift; path = SceneDelegate.swift; sourceTree = "<group>"; };
		043DBF6E25231612002F0394 /* Assets.xcassets */ = {isa = PBXFileReference; lastKnownFileType = folder.assetcatalog; path = Assets.xcassets; sourceTree = "<group>"; };
		043DBF7125231612002F0394 /* Preview Assets.xcassets */ = {isa = PBXFileReference; lastKnownFileType = folder.assetcatalog; path = "Preview Assets.xcassets"; sourceTree = "<group>"; };
		043DBF7425231612002F0394 /* Base */ = {isa = PBXFileReference; lastKnownFileType = file.storyboard; name = Base; path = Base.lproj/LaunchScreen.storyboard; sourceTree = "<group>"; };
		043DBF7625231612002F0394 /* Info.plist */ = {isa = PBXFileReference; lastKnownFileType = text.plist.xml; path = Info.plist; sourceTree = "<group>"; };
		043DBF7B25231612002F0394 /* FitnessLoggerTests.xctest */ = {isa = PBXFileReference; explicitFileType = wrapper.cfbundle; includeInIndex = 0; path = FitnessLoggerTests.xctest; sourceTree = BUILT_PRODUCTS_DIR; };
		043DBF7F25231612002F0394 /* FitnessLoggerTests.swift */ = {isa = PBXFileReference; lastKnownFileType = sourcecode.swift; path = FitnessLoggerTests.swift; sourceTree = "<group>"; };
		043DBF8125231612002F0394 /* Info.plist */ = {isa = PBXFileReference; lastKnownFileType = text.plist.xml; path = Info.plist; sourceTree = "<group>"; };
		043DBF8625231612002F0394 /* FitnessLoggerUITests.xctest */ = {isa = PBXFileReference; explicitFileType = wrapper.cfbundle; includeInIndex = 0; path = FitnessLoggerUITests.xctest; sourceTree = BUILT_PRODUCTS_DIR; };
		043DBF8A25231612002F0394 /* FitnessLoggerUITests.swift */ = {isa = PBXFileReference; lastKnownFileType = sourcecode.swift; path = FitnessLoggerUITests.swift; sourceTree = "<group>"; };
		043DBF8C25231612002F0394 /* Info.plist */ = {isa = PBXFileReference; lastKnownFileType = text.plist.xml; path = Info.plist; sourceTree = "<group>"; };
		045905F3252318A10064209C /* CustomButton.swift */ = {isa = PBXFileReference; lastKnownFileType = sourcecode.swift; path = CustomButton.swift; sourceTree = "<group>"; };
		045905F5252318FE0064209C /* Colors.swift */ = {isa = PBXFileReference; lastKnownFileType = sourcecode.swift; path = Colors.swift; sourceTree = "<group>"; };
		0459060025231FDB0064209C /* Font.swift */ = {isa = PBXFileReference; fileEncoding = 4; lastKnownFileType = sourcecode.swift; path = Font.swift; sourceTree = "<group>"; };
		04590603252320BF0064209C /* CustomTextButton.swift */ = {isa = PBXFileReference; lastKnownFileType = sourcecode.swift; path = CustomTextButton.swift; sourceTree = "<group>"; };
		04590605252323150064209C /* CustomTextLabel.swift */ = {isa = PBXFileReference; lastKnownFileType = sourcecode.swift; path = CustomTextLabel.swift; sourceTree = "<group>"; };
		04590607252323E50064209C /* FontType.swift */ = {isa = PBXFileReference; lastKnownFileType = sourcecode.swift; path = FontType.swift; sourceTree = "<group>"; };
		04590609252324580064209C /* FontSize.swift */ = {isa = PBXFileReference; lastKnownFileType = sourcecode.swift; path = FontSize.swift; sourceTree = "<group>"; };
		ED4B712425233D0C00F8A297 /* TrainingCategory.swift */ = {isa = PBXFileReference; fileEncoding = 4; lastKnownFileType = sourcecode.swift; path = TrainingCategory.swift; sourceTree = "<group>"; };
		ED4B713225233D4200F8A297 /* Exercise.swift */ = {isa = PBXFileReference; fileEncoding = 4; lastKnownFileType = sourcecode.swift; path = Exercise.swift; sourceTree = "<group>"; };
		ED4B713325233D4200F8A297 /* TrainingProgram.swift */ = {isa = PBXFileReference; fileEncoding = 4; lastKnownFileType = sourcecode.swift; path = TrainingProgram.swift; sourceTree = "<group>"; };
		ED4B713A25233DA200F8A297 /* AddExerciseViewModel.swift */ = {isa = PBXFileReference; fileEncoding = 4; lastKnownFileType = sourcecode.swift; path = AddExerciseViewModel.swift; sourceTree = "<group>"; };
		ED4B713B25233DA200F8A297 /* TrainingProgramViewModel.swift */ = {isa = PBXFileReference; fileEncoding = 4; lastKnownFileType = sourcecode.swift; path = TrainingProgramViewModel.swift; sourceTree = "<group>"; };
		ED4B713C25233DA200F8A297 /* AddTrainingProgramViewModel.swift */ = {isa = PBXFileReference; fileEncoding = 4; lastKnownFileType = sourcecode.swift; path = AddTrainingProgramViewModel.swift; sourceTree = "<group>"; };
		ED4B714425233DF400F8A297 /* TrainingProgramView.swift */ = {isa = PBXFileReference; fileEncoding = 4; lastKnownFileType = sourcecode.swift; path = TrainingProgramView.swift; sourceTree = "<group>"; };
		ED4B714525233DF400F8A297 /* MainView.swift */ = {isa = PBXFileReference; fileEncoding = 4; lastKnownFileType = sourcecode.swift; path = MainView.swift; sourceTree = "<group>"; };
		ED4B714625233DF500F8A297 /* AddExerciseView.swift */ = {isa = PBXFileReference; fileEncoding = 4; lastKnownFileType = sourcecode.swift; path = AddExerciseView.swift; sourceTree = "<group>"; };
		ED4B714725233DF500F8A297 /* AddTrainingProgramView.swift */ = {isa = PBXFileReference; fileEncoding = 4; lastKnownFileType = sourcecode.swift; path = AddTrainingProgramView.swift; sourceTree = "<group>"; };
		ED4B715025233E1700F8A297 /* TrainingProgramItem.swift */ = {isa = PBXFileReference; fileEncoding = 4; lastKnownFileType = sourcecode.swift; path = TrainingProgramItem.swift; sourceTree = "<group>"; };
		EDC585A525233A0900B1B9D1 /* Oswald-Heavy.ttf */ = {isa = PBXFileReference; lastKnownFileType = file; path = "Oswald-Heavy.ttf"; sourceTree = "<group>"; };
		EDC585A625233A0900B1B9D1 /* Oswald-Medium.ttf */ = {isa = PBXFileReference; lastKnownFileType = file; path = "Oswald-Medium.ttf"; sourceTree = "<group>"; };
		EDDA75A1253854F90042D9CF /* UpdateExerciseLogViewModel.swift */ = {isa = PBXFileReference; lastKnownFileType = sourcecode.swift; path = UpdateExerciseLogViewModel.swift; sourceTree = "<group>"; };
		EDDA75B325386BFE0042D9CF /* ProgramDetailViewModel.swift */ = {isa = PBXFileReference; lastKnownFileType = sourcecode.swift; path = ProgramDetailViewModel.swift; sourceTree = "<group>"; };
		EDFCE6122525F89B00FD9486 /* Oswald-Regular.ttf */ = {isa = PBXFileReference; lastKnownFileType = file; path = "Oswald-Regular.ttf"; sourceTree = "<group>"; };
		EDFCE6132525F89B00FD9486 /* Oswald-ExtraLight.ttf */ = {isa = PBXFileReference; lastKnownFileType = file; path = "Oswald-ExtraLight.ttf"; sourceTree = "<group>"; };
		EDFCE61C25260F5D00FD9486 /* ExerciseItem.swift */ = {isa = PBXFileReference; lastKnownFileType = sourcecode.swift; path = ExerciseItem.swift; sourceTree = "<group>"; };
		EDFCE6212526174F00FD9486 /* ProgramDetailView.swift */ = {isa = PBXFileReference; lastKnownFileType = sourcecode.swift; path = ProgramDetailView.swift; sourceTree = "<group>"; };
		EDFCE62625261A5400FD9486 /* ExerciseDetailItem.swift */ = {isa = PBXFileReference; lastKnownFileType = sourcecode.swift; path = ExerciseDetailItem.swift; sourceTree = "<group>"; };
		EDFCE62B25261B0A00FD9486 /* Log.swift */ = {isa = PBXFileReference; lastKnownFileType = sourcecode.swift; path = Log.swift; sourceTree = "<group>"; };
		EDFCE63125261C4D00FD9486 /* Date.swift */ = {isa = PBXFileReference; lastKnownFileType = sourcecode.swift; path = Date.swift; sourceTree = "<group>"; };
		EDFCE636252B0F7100FD9486 /* UpdateExerciseLogView.swift */ = {isa = PBXFileReference; lastKnownFileType = sourcecode.swift; path = UpdateExerciseLogView.swift; sourceTree = "<group>"; };
/* End PBXFileReference section */

/* Begin PBXFrameworksBuildPhase section */
		043DBF6225231611002F0394 /* Frameworks */ = {
			isa = PBXFrameworksBuildPhase;
			buildActionMask = 2147483647;
			files = (
			);
			runOnlyForDeploymentPostprocessing = 0;
		};
		043DBF7825231612002F0394 /* Frameworks */ = {
			isa = PBXFrameworksBuildPhase;
			buildActionMask = 2147483647;
			files = (
			);
			runOnlyForDeploymentPostprocessing = 0;
		};
		043DBF8325231612002F0394 /* Frameworks */ = {
			isa = PBXFrameworksBuildPhase;
			buildActionMask = 2147483647;
			files = (
			);
			runOnlyForDeploymentPostprocessing = 0;
		};
/* End PBXFrameworksBuildPhase section */

/* Begin PBXGroup section */
		043DBF5C25231611002F0394 = {
			isa = PBXGroup;
			children = (
				043DBF6725231611002F0394 /* FitnessLogger */,
				043DBF7E25231612002F0394 /* FitnessLoggerTests */,
				043DBF8925231612002F0394 /* FitnessLoggerUITests */,
				043DBF6625231611002F0394 /* Products */,
			);
			sourceTree = "<group>";
		};
		043DBF6625231611002F0394 /* Products */ = {
			isa = PBXGroup;
			children = (
				043DBF6525231611002F0394 /* FitnessLogger.app */,
				043DBF7B25231612002F0394 /* FitnessLoggerTests.xctest */,
				043DBF8625231612002F0394 /* FitnessLoggerUITests.xctest */,
			);
			name = Products;
			sourceTree = "<group>";
		};
		043DBF6725231611002F0394 /* FitnessLogger */ = {
			isa = PBXGroup;
			children = (
				EDFCE63025261C2800FD9486 /* Extensions */,
				ED4B714325233DDF00F8A297 /* Views */,
				ED4B713925233D8A00F8A297 /* ViewModels */,
				ED4B713125233D3500F8A297 /* Models */,
				ED4B712325233CF900F8A297 /* Enums */,
				0459060B252329E00064209C /* CustomViews */,
				045905F725231BE00064209C /* Resources */,
				043DBF6825231611002F0394 /* AppDelegate.swift */,
				043DBF6A25231611002F0394 /* SceneDelegate.swift */,
				043DBF6E25231612002F0394 /* Assets.xcassets */,
				043DBF7325231612002F0394 /* LaunchScreen.storyboard */,
				043DBF7625231612002F0394 /* Info.plist */,
				043DBF7025231612002F0394 /* Preview Content */,
			);
			path = FitnessLogger;
			sourceTree = "<group>";
		};
		043DBF7025231612002F0394 /* Preview Content */ = {
			isa = PBXGroup;
			children = (
				043DBF7125231612002F0394 /* Preview Assets.xcassets */,
			);
			path = "Preview Content";
			sourceTree = "<group>";
		};
		043DBF7E25231612002F0394 /* FitnessLoggerTests */ = {
			isa = PBXGroup;
			children = (
				043DBF7F25231612002F0394 /* FitnessLoggerTests.swift */,
				043DBF8125231612002F0394 /* Info.plist */,
			);
			path = FitnessLoggerTests;
			sourceTree = "<group>";
		};
		043DBF8925231612002F0394 /* FitnessLoggerUITests */ = {
			isa = PBXGroup;
			children = (
				043DBF8A25231612002F0394 /* FitnessLoggerUITests.swift */,
				043DBF8C25231612002F0394 /* Info.plist */,
			);
			path = FitnessLoggerUITests;
			sourceTree = "<group>";
		};
		045905F725231BE00064209C /* Resources */ = {
			isa = PBXGroup;
			children = (
				045905F825231BEF0064209C /* Fonts */,
				045905F5252318FE0064209C /* Colors.swift */,
			);
			path = Resources;
			sourceTree = "<group>";
		};
		045905F825231BEF0064209C /* Fonts */ = {
			isa = PBXGroup;
			children = (
				045905FB25231C1D0064209C /* Oswald */,
				0459060025231FDB0064209C /* Font.swift */,
				04590607252323E50064209C /* FontType.swift */,
				04590609252324580064209C /* FontSize.swift */,
			);
			path = Fonts;
			sourceTree = "<group>";
		};
		045905FB25231C1D0064209C /* Oswald */ = {
			isa = PBXGroup;
			children = (
				EDFCE6132525F89B00FD9486 /* Oswald-ExtraLight.ttf */,
				EDFCE6122525F89B00FD9486 /* Oswald-Regular.ttf */,
				EDC585A525233A0900B1B9D1 /* Oswald-Heavy.ttf */,
				EDC585A625233A0900B1B9D1 /* Oswald-Medium.ttf */,
			);
			name = Oswald;
			path = "../../../../../FootballPracticeFeasibilityAppleWatch/KickDetection/KickDetection WatchKit Extension/Resources/Fonts/Oswald";
			sourceTree = "<group>";
		};
		0459060B252329E00064209C /* CustomViews */ = {
			isa = PBXGroup;
			children = (
				045905F3252318A10064209C /* CustomButton.swift */,
				04590603252320BF0064209C /* CustomTextButton.swift */,
				04590605252323150064209C /* CustomTextLabel.swift */,
			);
			path = CustomViews;
			sourceTree = "<group>";
		};
		ED4B712325233CF900F8A297 /* Enums */ = {
			isa = PBXGroup;
			children = (
				ED4B712425233D0C00F8A297 /* TrainingCategory.swift */,
			);
			path = Enums;
			sourceTree = "<group>";
		};
		ED4B713125233D3500F8A297 /* Models */ = {
			isa = PBXGroup;
			children = (
				ED4B713225233D4200F8A297 /* Exercise.swift */,
				ED4B713325233D4200F8A297 /* TrainingProgram.swift */,
				EDFCE62B25261B0A00FD9486 /* Log.swift */,
			);
			path = Models;
			sourceTree = "<group>";
		};
		ED4B713925233D8A00F8A297 /* ViewModels */ = {
			isa = PBXGroup;
			children = (
				ED4B713A25233DA200F8A297 /* AddExerciseViewModel.swift */,
				ED4B713C25233DA200F8A297 /* AddTrainingProgramViewModel.swift */,
				ED4B713B25233DA200F8A297 /* TrainingProgramViewModel.swift */,
				EDDA75A1253854F90042D9CF /* UpdateExerciseLogViewModel.swift */,
				EDDA75B325386BFE0042D9CF /* ProgramDetailViewModel.swift */,
			);
			path = ViewModels;
			sourceTree = "<group>";
		};
		ED4B714325233DDF00F8A297 /* Views */ = {
			isa = PBXGroup;
			children = (
				ED4B714F25233E0100F8A297 /* ListItems */,
				ED4B714625233DF500F8A297 /* AddExerciseView.swift */,
				ED4B714725233DF500F8A297 /* AddTrainingProgramView.swift */,
				ED4B714525233DF400F8A297 /* MainView.swift */,
				ED4B714425233DF400F8A297 /* TrainingProgramView.swift */,
				EDFCE6212526174F00FD9486 /* ProgramDetailView.swift */,
				EDFCE636252B0F7100FD9486 /* UpdateExerciseLogView.swift */,
			);
			path = Views;
			sourceTree = "<group>";
		};
		ED4B714F25233E0100F8A297 /* ListItems */ = {
			isa = PBXGroup;
			children = (
				ED4B715025233E1700F8A297 /* TrainingProgramItem.swift */,
				EDFCE61C25260F5D00FD9486 /* ExerciseItem.swift */,
				EDFCE62625261A5400FD9486 /* ExerciseDetailItem.swift */,
			);
			path = ListItems;
			sourceTree = "<group>";
		};
		EDFCE63025261C2800FD9486 /* Extensions */ = {
			isa = PBXGroup;
			children = (
				EDFCE63125261C4D00FD9486 /* Date.swift */,
			);
			path = Extensions;
			sourceTree = "<group>";
		};
/* End PBXGroup section */

/* Begin PBXNativeTarget section */
		043DBF6425231611002F0394 /* FitnessLogger */ = {
			isa = PBXNativeTarget;
			buildConfigurationList = 043DBF8F25231612002F0394 /* Build configuration list for PBXNativeTarget "FitnessLogger" */;
			buildPhases = (
				043DBF6125231611002F0394 /* Sources */,
				043DBF6225231611002F0394 /* Frameworks */,
				043DBF6325231611002F0394 /* Resources */,
			);
			buildRules = (
			);
			dependencies = (
			);
			name = FitnessLogger;
			productName = FitnessLogger;
			productReference = 043DBF6525231611002F0394 /* FitnessLogger.app */;
			productType = "com.apple.product-type.application";
		};
		043DBF7A25231612002F0394 /* FitnessLoggerTests */ = {
			isa = PBXNativeTarget;
			buildConfigurationList = 043DBF9225231612002F0394 /* Build configuration list for PBXNativeTarget "FitnessLoggerTests" */;
			buildPhases = (
				043DBF7725231612002F0394 /* Sources */,
				043DBF7825231612002F0394 /* Frameworks */,
				043DBF7925231612002F0394 /* Resources */,
			);
			buildRules = (
			);
			dependencies = (
				043DBF7D25231612002F0394 /* PBXTargetDependency */,
			);
			name = FitnessLoggerTests;
			productName = FitnessLoggerTests;
			productReference = 043DBF7B25231612002F0394 /* FitnessLoggerTests.xctest */;
			productType = "com.apple.product-type.bundle.unit-test";
		};
		043DBF8525231612002F0394 /* FitnessLoggerUITests */ = {
			isa = PBXNativeTarget;
			buildConfigurationList = 043DBF9525231612002F0394 /* Build configuration list for PBXNativeTarget "FitnessLoggerUITests" */;
			buildPhases = (
				043DBF8225231612002F0394 /* Sources */,
				043DBF8325231612002F0394 /* Frameworks */,
				043DBF8425231612002F0394 /* Resources */,
			);
			buildRules = (
			);
			dependencies = (
				043DBF8825231612002F0394 /* PBXTargetDependency */,
			);
			name = FitnessLoggerUITests;
			productName = FitnessLoggerUITests;
			productReference = 043DBF8625231612002F0394 /* FitnessLoggerUITests.xctest */;
			productType = "com.apple.product-type.bundle.ui-testing";
		};
/* End PBXNativeTarget section */

/* Begin PBXProject section */
		043DBF5D25231611002F0394 /* Project object */ = {
			isa = PBXProject;
			attributes = {
				LastSwiftUpdateCheck = 1160;
				LastUpgradeCheck = 1160;
				ORGANIZATIONNAME = FitnessLogger;
				TargetAttributes = {
					043DBF6425231611002F0394 = {
						CreatedOnToolsVersion = 11.6;
					};
					043DBF7A25231612002F0394 = {
						CreatedOnToolsVersion = 11.6;
						TestTargetID = 043DBF6425231611002F0394;
					};
					043DBF8525231612002F0394 = {
						CreatedOnToolsVersion = 11.6;
						TestTargetID = 043DBF6425231611002F0394;
					};
				};
			};
			buildConfigurationList = 043DBF6025231611002F0394 /* Build configuration list for PBXProject "FitnessLogger" */;
			compatibilityVersion = "Xcode 9.3";
			developmentRegion = en;
			hasScannedForEncodings = 0;
			knownRegions = (
				en,
				Base,
			);
			mainGroup = 043DBF5C25231611002F0394;
			productRefGroup = 043DBF6625231611002F0394 /* Products */;
			projectDirPath = "";
			projectRoot = "";
			targets = (
				043DBF6425231611002F0394 /* FitnessLogger */,
				043DBF7A25231612002F0394 /* FitnessLoggerTests */,
				043DBF8525231612002F0394 /* FitnessLoggerUITests */,
			);
		};
/* End PBXProject section */

/* Begin PBXResourcesBuildPhase section */
		043DBF6325231611002F0394 /* Resources */ = {
			isa = PBXResourcesBuildPhase;
			buildActionMask = 2147483647;
			files = (
				EDC585A725233A0900B1B9D1 /* Oswald-Heavy.ttf in Resources */,
				EDFCE6142525F89B00FD9486 /* Oswald-Regular.ttf in Resources */,
				043DBF7525231612002F0394 /* LaunchScreen.storyboard in Resources */,
				EDFCE6152525F89B00FD9486 /* Oswald-ExtraLight.ttf in Resources */,
				EDC585A825233A0900B1B9D1 /* Oswald-Medium.ttf in Resources */,
				043DBF7225231612002F0394 /* Preview Assets.xcassets in Resources */,
				043DBF6F25231612002F0394 /* Assets.xcassets in Resources */,
			);
			runOnlyForDeploymentPostprocessing = 0;
		};
		043DBF7925231612002F0394 /* Resources */ = {
			isa = PBXResourcesBuildPhase;
			buildActionMask = 2147483647;
			files = (
			);
			runOnlyForDeploymentPostprocessing = 0;
		};
		043DBF8425231612002F0394 /* Resources */ = {
			isa = PBXResourcesBuildPhase;
			buildActionMask = 2147483647;
			files = (
			);
			runOnlyForDeploymentPostprocessing = 0;
		};
/* End PBXResourcesBuildPhase section */

/* Begin PBXSourcesBuildPhase section */
		043DBF6125231611002F0394 /* Sources */ = {
			isa = PBXSourcesBuildPhase;
			buildActionMask = 2147483647;
			files = (
				ED4B713525233D4200F8A297 /* TrainingProgram.swift in Sources */,
				ED4B714A25233DF500F8A297 /* AddExerciseView.swift in Sources */,
				ED4B714925233DF500F8A297 /* MainView.swift in Sources */,
				ED4B714825233DF500F8A297 /* TrainingProgramView.swift in Sources */,
				EDFCE637252B0F7100FD9486 /* UpdateExerciseLogView.swift in Sources */,
				ED4B715125233E1700F8A297 /* TrainingProgramItem.swift in Sources */,
				04590606252323150064209C /* CustomTextLabel.swift in Sources */,
				EDFCE63225261C4D00FD9486 /* Date.swift in Sources */,
				ED4B713D25233DA200F8A297 /* AddExerciseViewModel.swift in Sources */,
				0459060A252324580064209C /* FontSize.swift in Sources */,
				EDDA75A2253854F90042D9CF /* UpdateExerciseLogViewModel.swift in Sources */,
				04590604252320BF0064209C /* CustomTextButton.swift in Sources */,
				0459060125231FDB0064209C /* Font.swift in Sources */,
				045905F4252318A10064209C /* CustomButton.swift in Sources */,
				ED4B713425233D4200F8A297 /* Exercise.swift in Sources */,
				EDFCE6222526174F00FD9486 /* ProgramDetailView.swift in Sources */,
				04590608252323E50064209C /* FontType.swift in Sources */,
				EDFCE62C25261B0A00FD9486 /* Log.swift in Sources */,
				045905F6252318FE0064209C /* Colors.swift in Sources */,
				043DBF6925231611002F0394 /* AppDelegate.swift in Sources */,
				043DBF6B25231611002F0394 /* SceneDelegate.swift in Sources */,
				ED4B714B25233DF500F8A297 /* AddTrainingProgramView.swift in Sources */,
				EDDA75B425386BFE0042D9CF /* ProgramDetailViewModel.swift in Sources */,
				ED4B712525233D0C00F8A297 /* TrainingCategory.swift in Sources */,
				ED4B713E25233DA200F8A297 /* TrainingProgramViewModel.swift in Sources */,
				EDFCE61D25260F5D00FD9486 /* ExerciseItem.swift in Sources */,
				EDFCE62725261A5400FD9486 /* ExerciseDetailItem.swift in Sources */,
				ED4B713F25233DA200F8A297 /* AddTrainingProgramViewModel.swift in Sources */,
			);
			runOnlyForDeploymentPostprocessing = 0;
		};
		043DBF7725231612002F0394 /* Sources */ = {
			isa = PBXSourcesBuildPhase;
			buildActionMask = 2147483647;
			files = (
				043DBF8025231612002F0394 /* FitnessLoggerTests.swift in Sources */,
			);
			runOnlyForDeploymentPostprocessing = 0;
		};
		043DBF8225231612002F0394 /* Sources */ = {
			isa = PBXSourcesBuildPhase;
			buildActionMask = 2147483647;
			files = (
				043DBF8B25231612002F0394 /* FitnessLoggerUITests.swift in Sources */,
			);
			runOnlyForDeploymentPostprocessing = 0;
		};
/* End PBXSourcesBuildPhase section */

/* Begin PBXTargetDependency section */
		043DBF7D25231612002F0394 /* PBXTargetDependency */ = {
			isa = PBXTargetDependency;
			target = 043DBF6425231611002F0394 /* FitnessLogger */;
			targetProxy = 043DBF7C25231612002F0394 /* PBXContainerItemProxy */;
		};
		043DBF8825231612002F0394 /* PBXTargetDependency */ = {
			isa = PBXTargetDependency;
			target = 043DBF6425231611002F0394 /* FitnessLogger */;
			targetProxy = 043DBF8725231612002F0394 /* PBXContainerItemProxy */;
		};
/* End PBXTargetDependency section */

/* Begin PBXVariantGroup section */
		043DBF7325231612002F0394 /* LaunchScreen.storyboard */ = {
			isa = PBXVariantGroup;
			children = (
				043DBF7425231612002F0394 /* Base */,
			);
			name = LaunchScreen.storyboard;
			sourceTree = "<group>";
		};
/* End PBXVariantGroup section */

/* Begin XCBuildConfiguration section */
		043DBF8D25231612002F0394 /* Debug */ = {
			isa = XCBuildConfiguration;
			buildSettings = {
				ALWAYS_SEARCH_USER_PATHS = NO;
				CLANG_ANALYZER_NONNULL = YES;
				CLANG_ANALYZER_NUMBER_OBJECT_CONVERSION = YES_AGGRESSIVE;
				CLANG_CXX_LANGUAGE_STANDARD = "gnu++14";
				CLANG_CXX_LIBRARY = "libc++";
				CLANG_ENABLE_MODULES = YES;
				CLANG_ENABLE_OBJC_ARC = YES;
				CLANG_ENABLE_OBJC_WEAK = YES;
				CLANG_WARN_BLOCK_CAPTURE_AUTORELEASING = YES;
				CLANG_WARN_BOOL_CONVERSION = YES;
				CLANG_WARN_COMMA = YES;
				CLANG_WARN_CONSTANT_CONVERSION = YES;
				CLANG_WARN_DEPRECATED_OBJC_IMPLEMENTATIONS = YES;
				CLANG_WARN_DIRECT_OBJC_ISA_USAGE = YES_ERROR;
				CLANG_WARN_DOCUMENTATION_COMMENTS = YES;
				CLANG_WARN_EMPTY_BODY = YES;
				CLANG_WARN_ENUM_CONVERSION = YES;
				CLANG_WARN_INFINITE_RECURSION = YES;
				CLANG_WARN_INT_CONVERSION = YES;
				CLANG_WARN_NON_LITERAL_NULL_CONVERSION = YES;
				CLANG_WARN_OBJC_IMPLICIT_RETAIN_SELF = YES;
				CLANG_WARN_OBJC_LITERAL_CONVERSION = YES;
				CLANG_WARN_OBJC_ROOT_CLASS = YES_ERROR;
				CLANG_WARN_RANGE_LOOP_ANALYSIS = YES;
				CLANG_WARN_STRICT_PROTOTYPES = YES;
				CLANG_WARN_SUSPICIOUS_MOVE = YES;
				CLANG_WARN_UNGUARDED_AVAILABILITY = YES_AGGRESSIVE;
				CLANG_WARN_UNREACHABLE_CODE = YES;
				CLANG_WARN__DUPLICATE_METHOD_MATCH = YES;
				COPY_PHASE_STRIP = NO;
				DEBUG_INFORMATION_FORMAT = dwarf;
				ENABLE_STRICT_OBJC_MSGSEND = YES;
				ENABLE_TESTABILITY = YES;
				GCC_C_LANGUAGE_STANDARD = gnu11;
				GCC_DYNAMIC_NO_PIC = NO;
				GCC_NO_COMMON_BLOCKS = YES;
				GCC_OPTIMIZATION_LEVEL = 0;
				GCC_PREPROCESSOR_DEFINITIONS = (
					"DEBUG=1",
					"$(inherited)",
				);
				GCC_WARN_64_TO_32_BIT_CONVERSION = YES;
				GCC_WARN_ABOUT_RETURN_TYPE = YES_ERROR;
				GCC_WARN_UNDECLARED_SELECTOR = YES;
				GCC_WARN_UNINITIALIZED_AUTOS = YES_AGGRESSIVE;
				GCC_WARN_UNUSED_FUNCTION = YES;
				GCC_WARN_UNUSED_VARIABLE = YES;
				IPHONEOS_DEPLOYMENT_TARGET = 13.6;
				MTL_ENABLE_DEBUG_INFO = INCLUDE_SOURCE;
				MTL_FAST_MATH = YES;
				ONLY_ACTIVE_ARCH = YES;
				SDKROOT = iphoneos;
				SWIFT_ACTIVE_COMPILATION_CONDITIONS = DEBUG;
				SWIFT_OPTIMIZATION_LEVEL = "-Onone";
			};
			name = Debug;
		};
		043DBF8E25231612002F0394 /* Release */ = {
			isa = XCBuildConfiguration;
			buildSettings = {
				ALWAYS_SEARCH_USER_PATHS = NO;
				CLANG_ANALYZER_NONNULL = YES;
				CLANG_ANALYZER_NUMBER_OBJECT_CONVERSION = YES_AGGRESSIVE;
				CLANG_CXX_LANGUAGE_STANDARD = "gnu++14";
				CLANG_CXX_LIBRARY = "libc++";
				CLANG_ENABLE_MODULES = YES;
				CLANG_ENABLE_OBJC_ARC = YES;
				CLANG_ENABLE_OBJC_WEAK = YES;
				CLANG_WARN_BLOCK_CAPTURE_AUTORELEASING = YES;
				CLANG_WARN_BOOL_CONVERSION = YES;
				CLANG_WARN_COMMA = YES;
				CLANG_WARN_CONSTANT_CONVERSION = YES;
				CLANG_WARN_DEPRECATED_OBJC_IMPLEMENTATIONS = YES;
				CLANG_WARN_DIRECT_OBJC_ISA_USAGE = YES_ERROR;
				CLANG_WARN_DOCUMENTATION_COMMENTS = YES;
				CLANG_WARN_EMPTY_BODY = YES;
				CLANG_WARN_ENUM_CONVERSION = YES;
				CLANG_WARN_INFINITE_RECURSION = YES;
				CLANG_WARN_INT_CONVERSION = YES;
				CLANG_WARN_NON_LITERAL_NULL_CONVERSION = YES;
				CLANG_WARN_OBJC_IMPLICIT_RETAIN_SELF = YES;
				CLANG_WARN_OBJC_LITERAL_CONVERSION = YES;
				CLANG_WARN_OBJC_ROOT_CLASS = YES_ERROR;
				CLANG_WARN_RANGE_LOOP_ANALYSIS = YES;
				CLANG_WARN_STRICT_PROTOTYPES = YES;
				CLANG_WARN_SUSPICIOUS_MOVE = YES;
				CLANG_WARN_UNGUARDED_AVAILABILITY = YES_AGGRESSIVE;
				CLANG_WARN_UNREACHABLE_CODE = YES;
				CLANG_WARN__DUPLICATE_METHOD_MATCH = YES;
				COPY_PHASE_STRIP = NO;
				DEBUG_INFORMATION_FORMAT = "dwarf-with-dsym";
				ENABLE_NS_ASSERTIONS = NO;
				ENABLE_STRICT_OBJC_MSGSEND = YES;
				GCC_C_LANGUAGE_STANDARD = gnu11;
				GCC_NO_COMMON_BLOCKS = YES;
				GCC_WARN_64_TO_32_BIT_CONVERSION = YES;
				GCC_WARN_ABOUT_RETURN_TYPE = YES_ERROR;
				GCC_WARN_UNDECLARED_SELECTOR = YES;
				GCC_WARN_UNINITIALIZED_AUTOS = YES_AGGRESSIVE;
				GCC_WARN_UNUSED_FUNCTION = YES;
				GCC_WARN_UNUSED_VARIABLE = YES;
				IPHONEOS_DEPLOYMENT_TARGET = 13.6;
				MTL_ENABLE_DEBUG_INFO = NO;
				MTL_FAST_MATH = YES;
				SDKROOT = iphoneos;
				SWIFT_COMPILATION_MODE = wholemodule;
				SWIFT_OPTIMIZATION_LEVEL = "-O";
				VALIDATE_PRODUCT = YES;
			};
			name = Release;
		};
		043DBF9025231612002F0394 /* Debug */ = {
			isa = XCBuildConfiguration;
			buildSettings = {
				ASSETCATALOG_COMPILER_APPICON_NAME = AppIcon;
				CODE_SIGN_STYLE = Automatic;
				DEVELOPMENT_ASSET_PATHS = "\"FitnessLogger/Preview Content\"";
				ENABLE_PREVIEWS = YES;
				INFOPLIST_FILE = FitnessLogger/Info.plist;
				LD_RUNPATH_SEARCH_PATHS = (
					"$(inherited)",
					"@executable_path/Frameworks",
				);
				PRODUCT_BUNDLE_IDENTIFIER = com.FitnessLogger.FitnessLogger;
				PRODUCT_NAME = "$(TARGET_NAME)";
				SWIFT_VERSION = 5.0;
				TARGETED_DEVICE_FAMILY = "1,2";
			};
			name = Debug;
		};
		043DBF9125231612002F0394 /* Release */ = {
			isa = XCBuildConfiguration;
			buildSettings = {
				ASSETCATALOG_COMPILER_APPICON_NAME = AppIcon;
				CODE_SIGN_STYLE = Automatic;
				DEVELOPMENT_ASSET_PATHS = "\"FitnessLogger/Preview Content\"";
				ENABLE_PREVIEWS = YES;
				INFOPLIST_FILE = FitnessLogger/Info.plist;
				LD_RUNPATH_SEARCH_PATHS = (
					"$(inherited)",
					"@executable_path/Frameworks",
				);
				PRODUCT_BUNDLE_IDENTIFIER = com.FitnessLogger.FitnessLogger;
				PRODUCT_NAME = "$(TARGET_NAME)";
				SWIFT_VERSION = 5.0;
				TARGETED_DEVICE_FAMILY = "1,2";
			};
			name = Release;
		};
		043DBF9325231612002F0394 /* Debug */ = {
			isa = XCBuildConfiguration;
			buildSettings = {
				ALWAYS_EMBED_SWIFT_STANDARD_LIBRARIES = YES;
				BUNDLE_LOADER = "$(TEST_HOST)";
				CODE_SIGN_STYLE = Automatic;
				INFOPLIST_FILE = FitnessLoggerTests/Info.plist;
				IPHONEOS_DEPLOYMENT_TARGET = 13.6;
				LD_RUNPATH_SEARCH_PATHS = (
					"$(inherited)",
					"@executable_path/Frameworks",
					"@loader_path/Frameworks",
				);
				PRODUCT_BUNDLE_IDENTIFIER = com.FitnessLogger.FitnessLoggerTests;
				PRODUCT_NAME = "$(TARGET_NAME)";
				SWIFT_VERSION = 5.0;
				TARGETED_DEVICE_FAMILY = "1,2";
				TEST_HOST = "$(BUILT_PRODUCTS_DIR)/FitnessLogger.app/FitnessLogger";
			};
			name = Debug;
		};
		043DBF9425231612002F0394 /* Release */ = {
			isa = XCBuildConfiguration;
			buildSettings = {
				ALWAYS_EMBED_SWIFT_STANDARD_LIBRARIES = YES;
				BUNDLE_LOADER = "$(TEST_HOST)";
				CODE_SIGN_STYLE = Automatic;
				INFOPLIST_FILE = FitnessLoggerTests/Info.plist;
				IPHONEOS_DEPLOYMENT_TARGET = 13.6;
				LD_RUNPATH_SEARCH_PATHS = (
					"$(inherited)",
					"@executable_path/Frameworks",
					"@loader_path/Frameworks",
				);
				PRODUCT_BUNDLE_IDENTIFIER = com.FitnessLogger.FitnessLoggerTests;
				PRODUCT_NAME = "$(TARGET_NAME)";
				SWIFT_VERSION = 5.0;
				TARGETED_DEVICE_FAMILY = "1,2";
				TEST_HOST = "$(BUILT_PRODUCTS_DIR)/FitnessLogger.app/FitnessLogger";
			};
			name = Release;
		};
		043DBF9625231612002F0394 /* Debug */ = {
			isa = XCBuildConfiguration;
			buildSettings = {
				ALWAYS_EMBED_SWIFT_STANDARD_LIBRARIES = YES;
				CODE_SIGN_STYLE = Automatic;
				INFOPLIST_FILE = FitnessLoggerUITests/Info.plist;
				LD_RUNPATH_SEARCH_PATHS = (
					"$(inherited)",
					"@executable_path/Frameworks",
					"@loader_path/Frameworks",
				);
				PRODUCT_BUNDLE_IDENTIFIER = com.FitnessLogger.FitnessLoggerUITests;
				PRODUCT_NAME = "$(TARGET_NAME)";
				SWIFT_VERSION = 5.0;
				TARGETED_DEVICE_FAMILY = "1,2";
				TEST_TARGET_NAME = FitnessLogger;
			};
			name = Debug;
		};
		043DBF9725231612002F0394 /* Release */ = {
			isa = XCBuildConfiguration;
			buildSettings = {
				ALWAYS_EMBED_SWIFT_STANDARD_LIBRARIES = YES;
				CODE_SIGN_STYLE = Automatic;
				INFOPLIST_FILE = FitnessLoggerUITests/Info.plist;
				LD_RUNPATH_SEARCH_PATHS = (
					"$(inherited)",
					"@executable_path/Frameworks",
					"@loader_path/Frameworks",
				);
				PRODUCT_BUNDLE_IDENTIFIER = com.FitnessLogger.FitnessLoggerUITests;
				PRODUCT_NAME = "$(TARGET_NAME)";
				SWIFT_VERSION = 5.0;
				TARGETED_DEVICE_FAMILY = "1,2";
				TEST_TARGET_NAME = FitnessLogger;
			};
			name = Release;
		};
/* End XCBuildConfiguration section */

/* Begin XCConfigurationList section */
		043DBF6025231611002F0394 /* Build configuration list for PBXProject "FitnessLogger" */ = {
			isa = XCConfigurationList;
			buildConfigurations = (
				043DBF8D25231612002F0394 /* Debug */,
				043DBF8E25231612002F0394 /* Release */,
			);
			defaultConfigurationIsVisible = 0;
			defaultConfigurationName = Release;
		};
		043DBF8F25231612002F0394 /* Build configuration list for PBXNativeTarget "FitnessLogger" */ = {
			isa = XCConfigurationList;
			buildConfigurations = (
				043DBF9025231612002F0394 /* Debug */,
				043DBF9125231612002F0394 /* Release */,
			);
			defaultConfigurationIsVisible = 0;
			defaultConfigurationName = Release;
		};
		043DBF9225231612002F0394 /* Build configuration list for PBXNativeTarget "FitnessLoggerTests" */ = {
			isa = XCConfigurationList;
			buildConfigurations = (
				043DBF9325231612002F0394 /* Debug */,
				043DBF9425231612002F0394 /* Release */,
			);
			defaultConfigurationIsVisible = 0;
			defaultConfigurationName = Release;
		};
		043DBF9525231612002F0394 /* Build configuration list for PBXNativeTarget "FitnessLoggerUITests" */ = {
			isa = XCConfigurationList;
			buildConfigurations = (
				043DBF9625231612002F0394 /* Debug */,
				043DBF9725231612002F0394 /* Release */,
			);
			defaultConfigurationIsVisible = 0;
			defaultConfigurationName = Release;
		};
/* End XCConfigurationList section */
	};
	rootObject = 043DBF5D25231611002F0394 /* Project object */;
}
